// !$*UTF8*$!
{
	archiveVersion = 1;
	classes = {
	};
	objectVersion = 56;
	objects = {

/* Begin PBXBuildFile section */
		0332DAE32963495300D4535D /* EBGaramond-Medium.ttf in Resources */ = {isa = PBXBuildFile; fileRef = 0332DAE22963495300D4535D /* EBGaramond-Medium.ttf */; };
		0347B4B2296B6614008DBE9D /* WebSocket in Frameworks */ = {isa = PBXBuildFile; productRef = 0347B4B1296B6614008DBE9D /* WebSocket */; };
		034A8EB329665F98006F09D7 /* TOTP.swift in Sources */ = {isa = PBXBuildFile; fileRef = 034A8EB229665F98006F09D7 /* TOTP.swift */; };
		034A8EB629665FEC006F09D7 /* SwiftOTP in Frameworks */ = {isa = PBXBuildFile; productRef = 034A8EB529665FEC006F09D7 /* SwiftOTP */; };
		0388241C2968FC6F0012FB5E /* CoreStore in Frameworks */ = {isa = PBXBuildFile; productRef = 0388241B2968FC6F0012FB5E /* CoreStore */; };
		03F8B08F296BE8580035E52E /* LicenseView.swift in Sources */ = {isa = PBXBuildFile; fileRef = 03F8B08E296BE8580035E52E /* LicenseView.swift */; };
		03FCC3612960D3660098E490 /* CrospV4App.swift in Sources */ = {isa = PBXBuildFile; fileRef = 03FCC3602960D3660098E490 /* CrospV4App.swift */; };
		03FCC3632960D3660098E490 /* ContentView.swift in Sources */ = {isa = PBXBuildFile; fileRef = 03FCC3622960D3660098E490 /* ContentView.swift */; };
		03FCC3652960D3680098E490 /* Assets.xcassets in Resources */ = {isa = PBXBuildFile; fileRef = 03FCC3642960D3680098E490 /* Assets.xcassets */; };
		03FCC3682960D3680098E490 /* Preview Assets.xcassets in Resources */ = {isa = PBXBuildFile; fileRef = 03FCC3672960D3680098E490 /* Preview Assets.xcassets */; };
		03FCC3722960D3680098E490 /* CrospV4Tests.swift in Sources */ = {isa = PBXBuildFile; fileRef = 03FCC3712960D3680098E490 /* CrospV4Tests.swift */; };
		03FCC37C2960D3680098E490 /* CrospV4UITests.swift in Sources */ = {isa = PBXBuildFile; fileRef = 03FCC37B2960D3680098E490 /* CrospV4UITests.swift */; };
		03FCC37E2960D3680098E490 /* CrospV4UITestsLaunchTests.swift in Sources */ = {isa = PBXBuildFile; fileRef = 03FCC37D2960D3680098E490 /* CrospV4UITestsLaunchTests.swift */; };
		03FCC38B2960D9210098E490 /* HapticManagement.swift in Sources */ = {isa = PBXBuildFile; fileRef = 03FCC38A2960D9210098E490 /* HapticManagement.swift */; };
		03FCC38D2962326E0098E490 /* AboutView.swift in Sources */ = {isa = PBXBuildFile; fileRef = 03FCC38C2962326E0098E490 /* AboutView.swift */; };
		03FCC38F29624D240098E490 /* URLSesh.swift in Sources */ = {isa = PBXBuildFile; fileRef = 03FCC38E29624D240098E490 /* URLSesh.swift */; };
/* End PBXBuildFile section */

/* Begin PBXContainerItemProxy section */
		03FCC36E2960D3680098E490 /* PBXContainerItemProxy */ = {
			isa = PBXContainerItemProxy;
			containerPortal = 03FCC3552960D3660098E490 /* Project object */;
			proxyType = 1;
			remoteGlobalIDString = 03FCC35C2960D3660098E490;
			remoteInfo = CrospV4;
		};
		03FCC3782960D3680098E490 /* PBXContainerItemProxy */ = {
			isa = PBXContainerItemProxy;
			containerPortal = 03FCC3552960D3660098E490 /* Project object */;
			proxyType = 1;
			remoteGlobalIDString = 03FCC35C2960D3660098E490;
			remoteInfo = CrospV4;
		};
/* End PBXContainerItemProxy section */

/* Begin PBXFileReference section */
		0332DAE22963495300D4535D /* EBGaramond-Medium.ttf */ = {isa = PBXFileReference; lastKnownFileType = file; path = "EBGaramond-Medium.ttf"; sourceTree = "<group>"; };
		0332DAE429634A2B00D4535D /* Info.plist */ = {isa = PBXFileReference; lastKnownFileType = text.plist; path = Info.plist; sourceTree = "<group>"; };
		034A8EB229665F98006F09D7 /* TOTP.swift */ = {isa = PBXFileReference; lastKnownFileType = sourcecode.swift; path = TOTP.swift; sourceTree = "<group>"; };
		03F8B08E296BE8580035E52E /* LicenseView.swift */ = {isa = PBXFileReference; lastKnownFileType = sourcecode.swift; path = LicenseView.swift; sourceTree = "<group>"; };
		03FCC35D2960D3660098E490 /* CrospV4.app */ = {isa = PBXFileReference; explicitFileType = wrapper.application; includeInIndex = 0; path = CrospV4.app; sourceTree = BUILT_PRODUCTS_DIR; };
		03FCC3602960D3660098E490 /* CrospV4App.swift */ = {isa = PBXFileReference; lastKnownFileType = sourcecode.swift; path = CrospV4App.swift; sourceTree = "<group>"; };
		03FCC3622960D3660098E490 /* ContentView.swift */ = {isa = PBXFileReference; lastKnownFileType = sourcecode.swift; path = ContentView.swift; sourceTree = "<group>"; };
		03FCC3642960D3680098E490 /* Assets.xcassets */ = {isa = PBXFileReference; lastKnownFileType = folder.assetcatalog; path = Assets.xcassets; sourceTree = "<group>"; };
		03FCC3672960D3680098E490 /* Preview Assets.xcassets */ = {isa = PBXFileReference; lastKnownFileType = folder.assetcatalog; path = "Preview Assets.xcassets"; sourceTree = "<group>"; };
		03FCC36D2960D3680098E490 /* CrospV4Tests.xctest */ = {isa = PBXFileReference; explicitFileType = wrapper.cfbundle; includeInIndex = 0; path = CrospV4Tests.xctest; sourceTree = BUILT_PRODUCTS_DIR; };
		03FCC3712960D3680098E490 /* CrospV4Tests.swift */ = {isa = PBXFileReference; lastKnownFileType = sourcecode.swift; path = CrospV4Tests.swift; sourceTree = "<group>"; };
		03FCC3772960D3680098E490 /* CrospV4UITests.xctest */ = {isa = PBXFileReference; explicitFileType = wrapper.cfbundle; includeInIndex = 0; path = CrospV4UITests.xctest; sourceTree = BUILT_PRODUCTS_DIR; };
		03FCC37B2960D3680098E490 /* CrospV4UITests.swift */ = {isa = PBXFileReference; lastKnownFileType = sourcecode.swift; path = CrospV4UITests.swift; sourceTree = "<group>"; };
		03FCC37D2960D3680098E490 /* CrospV4UITestsLaunchTests.swift */ = {isa = PBXFileReference; lastKnownFileType = sourcecode.swift; path = CrospV4UITestsLaunchTests.swift; sourceTree = "<group>"; };
		03FCC38A2960D9210098E490 /* HapticManagement.swift */ = {isa = PBXFileReference; lastKnownFileType = sourcecode.swift; path = HapticManagement.swift; sourceTree = "<group>"; };
		03FCC38C2962326E0098E490 /* AboutView.swift */ = {isa = PBXFileReference; lastKnownFileType = sourcecode.swift; path = AboutView.swift; sourceTree = "<group>"; };
		03FCC38E29624D240098E490 /* URLSesh.swift */ = {isa = PBXFileReference; lastKnownFileType = sourcecode.swift; path = URLSesh.swift; sourceTree = "<group>"; };
/* End PBXFileReference section */

/* Begin PBXFrameworksBuildPhase section */
		03FCC35A2960D3660098E490 /* Frameworks */ = {
			isa = PBXFrameworksBuildPhase;
			buildActionMask = 2147483647;
			files = (
				0347B4B2296B6614008DBE9D /* WebSocket in Frameworks */,
				034A8EB629665FEC006F09D7 /* SwiftOTP in Frameworks */,
				0388241C2968FC6F0012FB5E /* CoreStore in Frameworks */,
			);
			runOnlyForDeploymentPostprocessing = 0;
		};
		03FCC36A2960D3680098E490 /* Frameworks */ = {
			isa = PBXFrameworksBuildPhase;
			buildActionMask = 2147483647;
			files = (
			);
			runOnlyForDeploymentPostprocessing = 0;
		};
		03FCC3742960D3680098E490 /* Frameworks */ = {
			isa = PBXFrameworksBuildPhase;
			buildActionMask = 2147483647;
			files = (
			);
			runOnlyForDeploymentPostprocessing = 0;
		};
/* End PBXFrameworksBuildPhase section */

/* Begin PBXGroup section */
		0332DAE12963493400D4535D /* Fonts */ = {
			isa = PBXGroup;
			children = (
				0332DAE22963495300D4535D /* EBGaramond-Medium.ttf */,
			);
			path = Fonts;
			sourceTree = "<group>";
		};
		03FCC3542960D3660098E490 = {
			isa = PBXGroup;
			children = (
				03FCC35F2960D3660098E490 /* CrospV4 */,
				03FCC3702960D3680098E490 /* CrospV4Tests */,
				03FCC37A2960D3680098E490 /* CrospV4UITests */,
				03FCC35E2960D3660098E490 /* Products */,
			);
			sourceTree = "<group>";
		};
		03FCC35E2960D3660098E490 /* Products */ = {
			isa = PBXGroup;
			children = (
				03FCC35D2960D3660098E490 /* CrospV4.app */,
				03FCC36D2960D3680098E490 /* CrospV4Tests.xctest */,
				03FCC3772960D3680098E490 /* CrospV4UITests.xctest */,
			);
			name = Products;
			sourceTree = "<group>";
		};
		03FCC35F2960D3660098E490 /* CrospV4 */ = {
			isa = PBXGroup;
			children = (
				0332DAE429634A2B00D4535D /* Info.plist */,
				03FCC38C2962326E0098E490 /* AboutView.swift */,
				03FCC38A2960D9210098E490 /* HapticManagement.swift */,
				03FCC3602960D3660098E490 /* CrospV4App.swift */,
				034A8EB229665F98006F09D7 /* TOTP.swift */,
				03FCC3622960D3660098E490 /* ContentView.swift */,
				03F8B08E296BE8580035E52E /* LicenseView.swift */,
				03FCC38E29624D240098E490 /* URLSesh.swift */,
				0332DAE12963493400D4535D /* Fonts */,
				03FCC3642960D3680098E490 /* Assets.xcassets */,
				03FCC3662960D3680098E490 /* Preview Content */,
			);
			path = CrospV4;
			sourceTree = "<group>";
		};
		03FCC3662960D3680098E490 /* Preview Content */ = {
			isa = PBXGroup;
			children = (
				03FCC3672960D3680098E490 /* Preview Assets.xcassets */,
			);
			path = "Preview Content";
			sourceTree = "<group>";
		};
		03FCC3702960D3680098E490 /* CrospV4Tests */ = {
			isa = PBXGroup;
			children = (
				03FCC3712960D3680098E490 /* CrospV4Tests.swift */,
			);
			path = CrospV4Tests;
			sourceTree = "<group>";
		};
		03FCC37A2960D3680098E490 /* CrospV4UITests */ = {
			isa = PBXGroup;
			children = (
				03FCC37B2960D3680098E490 /* CrospV4UITests.swift */,
				03FCC37D2960D3680098E490 /* CrospV4UITestsLaunchTests.swift */,
			);
			path = CrospV4UITests;
			sourceTree = "<group>";
		};
/* End PBXGroup section */

/* Begin PBXNativeTarget section */
		03FCC35C2960D3660098E490 /* CrospV4 */ = {
			isa = PBXNativeTarget;
			buildConfigurationList = 03FCC3812960D3680098E490 /* Build configuration list for PBXNativeTarget "CrospV4" */;
			buildPhases = (
				03FCC3592960D3660098E490 /* Sources */,
				03FCC35A2960D3660098E490 /* Frameworks */,
				03FCC35B2960D3660098E490 /* Resources */,
			);
			buildRules = (
			);
			dependencies = (
			);
			name = CrospV4;
			packageProductDependencies = (
				034A8EB529665FEC006F09D7 /* SwiftOTP */,
				0388241B2968FC6F0012FB5E /* CoreStore */,
				0347B4B1296B6614008DBE9D /* WebSocket */,
			);
			productName = CrospV4;
			productReference = 03FCC35D2960D3660098E490 /* CrospV4.app */;
			productType = "com.apple.product-type.application";
		};
		03FCC36C2960D3680098E490 /* CrospV4Tests */ = {
			isa = PBXNativeTarget;
			buildConfigurationList = 03FCC3842960D3680098E490 /* Build configuration list for PBXNativeTarget "CrospV4Tests" */;
			buildPhases = (
				03FCC3692960D3680098E490 /* Sources */,
				03FCC36A2960D3680098E490 /* Frameworks */,
				03FCC36B2960D3680098E490 /* Resources */,
			);
			buildRules = (
			);
			dependencies = (
				03FCC36F2960D3680098E490 /* PBXTargetDependency */,
			);
			name = CrospV4Tests;
			productName = CrospV4Tests;
			productReference = 03FCC36D2960D3680098E490 /* CrospV4Tests.xctest */;
			productType = "com.apple.product-type.bundle.unit-test";
		};
		03FCC3762960D3680098E490 /* CrospV4UITests */ = {
			isa = PBXNativeTarget;
			buildConfigurationList = 03FCC3872960D3680098E490 /* Build configuration list for PBXNativeTarget "CrospV4UITests" */;
			buildPhases = (
				03FCC3732960D3680098E490 /* Sources */,
				03FCC3742960D3680098E490 /* Frameworks */,
				03FCC3752960D3680098E490 /* Resources */,
			);
			buildRules = (
			);
			dependencies = (
				03FCC3792960D3680098E490 /* PBXTargetDependency */,
			);
			name = CrospV4UITests;
			productName = CrospV4UITests;
			productReference = 03FCC3772960D3680098E490 /* CrospV4UITests.xctest */;
			productType = "com.apple.product-type.bundle.ui-testing";
		};
/* End PBXNativeTarget section */

/* Begin PBXProject section */
		03FCC3552960D3660098E490 /* Project object */ = {
			isa = PBXProject;
			attributes = {
				BuildIndependentTargetsInParallel = 1;
				LastSwiftUpdateCheck = 1420;
				LastUpgradeCheck = 1420;
				TargetAttributes = {
					03FCC35C2960D3660098E490 = {
						CreatedOnToolsVersion = 14.2;
					};
					03FCC36C2960D3680098E490 = {
						CreatedOnToolsVersion = 14.2;
						TestTargetID = 03FCC35C2960D3660098E490;
					};
					03FCC3762960D3680098E490 = {
						CreatedOnToolsVersion = 14.2;
						TestTargetID = 03FCC35C2960D3660098E490;
					};
				};
			};
			buildConfigurationList = 03FCC3582960D3660098E490 /* Build configuration list for PBXProject "CrospV4" */;
			compatibilityVersion = "Xcode 14.0";
			developmentRegion = en;
			hasScannedForEncodings = 0;
			knownRegions = (
				en,
				Base,
			);
			mainGroup = 03FCC3542960D3660098E490;
			packageReferences = (
				034A8EB429665FEC006F09D7 /* XCRemoteSwiftPackageReference "SwiftOTP" */,
				0388241A2968FC6F0012FB5E /* XCRemoteSwiftPackageReference "CoreStore" */,
				0347B4AD296B613D008DBE9D /* XCRemoteSwiftPackageReference "NWWebSocket" */,
				0347B4B0296B6614008DBE9D /* XCRemoteSwiftPackageReference "websocket-apple" */,
			);
			productRefGroup = 03FCC35E2960D3660098E490 /* Products */;
			projectDirPath = "";
			projectRoot = "";
			targets = (
				03FCC35C2960D3660098E490 /* CrospV4 */,
				03FCC36C2960D3680098E490 /* CrospV4Tests */,
				03FCC3762960D3680098E490 /* CrospV4UITests */,
			);
		};
/* End PBXProject section */

/* Begin PBXResourcesBuildPhase section */
		03FCC35B2960D3660098E490 /* Resources */ = {
			isa = PBXResourcesBuildPhase;
			buildActionMask = 2147483647;
			files = (
				03FCC3682960D3680098E490 /* Preview Assets.xcassets in Resources */,
				03FCC3652960D3680098E490 /* Assets.xcassets in Resources */,
				0332DAE32963495300D4535D /* EBGaramond-Medium.ttf in Resources */,
			);
			runOnlyForDeploymentPostprocessing = 0;
		};
		03FCC36B2960D3680098E490 /* Resources */ = {
			isa = PBXResourcesBuildPhase;
			buildActionMask = 2147483647;
			files = (
			);
			runOnlyForDeploymentPostprocessing = 0;
		};
		03FCC3752960D3680098E490 /* Resources */ = {
			isa = PBXResourcesBuildPhase;
			buildActionMask = 2147483647;
			files = (
			);
			runOnlyForDeploymentPostprocessing = 0;
		};
/* End PBXResourcesBuildPhase section */

/* Begin PBXSourcesBuildPhase section */
		03FCC3592960D3660098E490 /* Sources */ = {
			isa = PBXSourcesBuildPhase;
			buildActionMask = 2147483647;
			files = (
				03FCC38F29624D240098E490 /* URLSesh.swift in Sources */,
				03FCC38D2962326E0098E490 /* AboutView.swift in Sources */,
				03FCC38B2960D9210098E490 /* HapticManagement.swift in Sources */,
				03F8B08F296BE8580035E52E /* LicenseView.swift in Sources */,
				03FCC3632960D3660098E490 /* ContentView.swift in Sources */,
				034A8EB329665F98006F09D7 /* TOTP.swift in Sources */,
				03FCC3612960D3660098E490 /* CrospV4App.swift in Sources */,
			);
			runOnlyForDeploymentPostprocessing = 0;
		};
		03FCC3692960D3680098E490 /* Sources */ = {
			isa = PBXSourcesBuildPhase;
			buildActionMask = 2147483647;
			files = (
				03FCC3722960D3680098E490 /* CrospV4Tests.swift in Sources */,
			);
			runOnlyForDeploymentPostprocessing = 0;
		};
		03FCC3732960D3680098E490 /* Sources */ = {
			isa = PBXSourcesBuildPhase;
			buildActionMask = 2147483647;
			files = (
				03FCC37E2960D3680098E490 /* CrospV4UITestsLaunchTests.swift in Sources */,
				03FCC37C2960D3680098E490 /* CrospV4UITests.swift in Sources */,
			);
			runOnlyForDeploymentPostprocessing = 0;
		};
/* End PBXSourcesBuildPhase section */

/* Begin PBXTargetDependency section */
		03FCC36F2960D3680098E490 /* PBXTargetDependency */ = {
			isa = PBXTargetDependency;
			target = 03FCC35C2960D3660098E490 /* CrospV4 */;
			targetProxy = 03FCC36E2960D3680098E490 /* PBXContainerItemProxy */;
		};
		03FCC3792960D3680098E490 /* PBXTargetDependency */ = {
			isa = PBXTargetDependency;
			target = 03FCC35C2960D3660098E490 /* CrospV4 */;
			targetProxy = 03FCC3782960D3680098E490 /* PBXContainerItemProxy */;
		};
/* End PBXTargetDependency section */

/* Begin XCBuildConfiguration section */
		03FCC37F2960D3680098E490 /* Debug */ = {
			isa = XCBuildConfiguration;
			buildSettings = {
				ALWAYS_SEARCH_USER_PATHS = NO;
				CLANG_ANALYZER_NONNULL = YES;
				CLANG_ANALYZER_NUMBER_OBJECT_CONVERSION = YES_AGGRESSIVE;
				CLANG_CXX_LANGUAGE_STANDARD = "gnu++20";
				CLANG_ENABLE_MODULES = YES;
				CLANG_ENABLE_OBJC_ARC = YES;
				CLANG_ENABLE_OBJC_WEAK = YES;
				CLANG_WARN_BLOCK_CAPTURE_AUTORELEASING = YES;
				CLANG_WARN_BOOL_CONVERSION = YES;
				CLANG_WARN_COMMA = YES;
				CLANG_WARN_CONSTANT_CONVERSION = YES;
				CLANG_WARN_DEPRECATED_OBJC_IMPLEMENTATIONS = YES;
				CLANG_WARN_DIRECT_OBJC_ISA_USAGE = YES_ERROR;
				CLANG_WARN_DOCUMENTATION_COMMENTS = YES;
				CLANG_WARN_EMPTY_BODY = YES;
				CLANG_WARN_ENUM_CONVERSION = YES;
				CLANG_WARN_INFINITE_RECURSION = YES;
				CLANG_WARN_INT_CONVERSION = YES;
				CLANG_WARN_NON_LITERAL_NULL_CONVERSION = YES;
				CLANG_WARN_OBJC_IMPLICIT_RETAIN_SELF = YES;
				CLANG_WARN_OBJC_LITERAL_CONVERSION = YES;
				CLANG_WARN_OBJC_ROOT_CLASS = YES_ERROR;
				CLANG_WARN_QUOTED_INCLUDE_IN_FRAMEWORK_HEADER = YES;
				CLANG_WARN_RANGE_LOOP_ANALYSIS = YES;
				CLANG_WARN_STRICT_PROTOTYPES = YES;
				CLANG_WARN_SUSPICIOUS_MOVE = YES;
				CLANG_WARN_UNGUARDED_AVAILABILITY = YES_AGGRESSIVE;
				CLANG_WARN_UNREACHABLE_CODE = YES;
				CLANG_WARN__DUPLICATE_METHOD_MATCH = YES;
				COPY_PHASE_STRIP = NO;
				DEBUG_INFORMATION_FORMAT = dwarf;
				ENABLE_STRICT_OBJC_MSGSEND = YES;
				ENABLE_TESTABILITY = YES;
				GCC_C_LANGUAGE_STANDARD = gnu11;
				GCC_DYNAMIC_NO_PIC = NO;
				GCC_NO_COMMON_BLOCKS = YES;
				GCC_OPTIMIZATION_LEVEL = 0;
				GCC_PREPROCESSOR_DEFINITIONS = (
					"DEBUG=1",
					"$(inherited)",
				);
				GCC_WARN_64_TO_32_BIT_CONVERSION = YES;
				GCC_WARN_ABOUT_RETURN_TYPE = YES_ERROR;
				GCC_WARN_UNDECLARED_SELECTOR = YES;
				GCC_WARN_UNINITIALIZED_AUTOS = YES_AGGRESSIVE;
				GCC_WARN_UNUSED_FUNCTION = YES;
				GCC_WARN_UNUSED_VARIABLE = YES;
				IPHONEOS_DEPLOYMENT_TARGET = 16.1;
				MTL_ENABLE_DEBUG_INFO = INCLUDE_SOURCE;
				MTL_FAST_MATH = YES;
				ONLY_ACTIVE_ARCH = YES;
				SDKROOT = iphoneos;
				SWIFT_ACTIVE_COMPILATION_CONDITIONS = DEBUG;
				SWIFT_OPTIMIZATION_LEVEL = "-Onone";
			};
			name = Debug;
		};
		03FCC3802960D3680098E490 /* Release */ = {
			isa = XCBuildConfiguration;
			buildSettings = {
				ALWAYS_SEARCH_USER_PATHS = NO;
				CLANG_ANALYZER_NONNULL = YES;
				CLANG_ANALYZER_NUMBER_OBJECT_CONVERSION = YES_AGGRESSIVE;
				CLANG_CXX_LANGUAGE_STANDARD = "gnu++20";
				CLANG_ENABLE_MODULES = YES;
				CLANG_ENABLE_OBJC_ARC = YES;
				CLANG_ENABLE_OBJC_WEAK = YES;
				CLANG_WARN_BLOCK_CAPTURE_AUTORELEASING = YES;
				CLANG_WARN_BOOL_CONVERSION = YES;
				CLANG_WARN_COMMA = YES;
				CLANG_WARN_CONSTANT_CONVERSION = YES;
				CLANG_WARN_DEPRECATED_OBJC_IMPLEMENTATIONS = YES;
				CLANG_WARN_DIRECT_OBJC_ISA_USAGE = YES_ERROR;
				CLANG_WARN_DOCUMENTATION_COMMENTS = YES;
				CLANG_WARN_EMPTY_BODY = YES;
				CLANG_WARN_ENUM_CONVERSION = YES;
				CLANG_WARN_INFINITE_RECURSION = YES;
				CLANG_WARN_INT_CONVERSION = YES;
				CLANG_WARN_NON_LITERAL_NULL_CONVERSION = YES;
				CLANG_WARN_OBJC_IMPLICIT_RETAIN_SELF = YES;
				CLANG_WARN_OBJC_LITERAL_CONVERSION = YES;
				CLANG_WARN_OBJC_ROOT_CLASS = YES_ERROR;
				CLANG_WARN_QUOTED_INCLUDE_IN_FRAMEWORK_HEADER = YES;
				CLANG_WARN_RANGE_LOOP_ANALYSIS = YES;
				CLANG_WARN_STRICT_PROTOTYPES = YES;
				CLANG_WARN_SUSPICIOUS_MOVE = YES;
				CLANG_WARN_UNGUARDED_AVAILABILITY = YES_AGGRESSIVE;
				CLANG_WARN_UNREACHABLE_CODE = YES;
				CLANG_WARN__DUPLICATE_METHOD_MATCH = YES;
				COPY_PHASE_STRIP = NO;
				DEBUG_INFORMATION_FORMAT = "dwarf-with-dsym";
				ENABLE_NS_ASSERTIONS = NO;
				ENABLE_STRICT_OBJC_MSGSEND = YES;
				GCC_C_LANGUAGE_STANDARD = gnu11;
				GCC_NO_COMMON_BLOCKS = YES;
				GCC_WARN_64_TO_32_BIT_CONVERSION = YES;
				GCC_WARN_ABOUT_RETURN_TYPE = YES_ERROR;
				GCC_WARN_UNDECLARED_SELECTOR = YES;
				GCC_WARN_UNINITIALIZED_AUTOS = YES_AGGRESSIVE;
				GCC_WARN_UNUSED_FUNCTION = YES;
				GCC_WARN_UNUSED_VARIABLE = YES;
				IPHONEOS_DEPLOYMENT_TARGET = 16.1;
				MTL_ENABLE_DEBUG_INFO = NO;
				MTL_FAST_MATH = YES;
				SDKROOT = iphoneos;
				SWIFT_COMPILATION_MODE = wholemodule;
				SWIFT_OPTIMIZATION_LEVEL = "-O";
				VALIDATE_PRODUCT = YES;
			};
			name = Release;
		};
		03FCC3822960D3680098E490 /* Debug */ = {
			isa = XCBuildConfiguration;
			buildSettings = {
				ASSETCATALOG_COMPILER_APPICON_NAME = AppIcon;
				ASSETCATALOG_COMPILER_GLOBAL_ACCENT_COLOR_NAME = AccentColor;
				CODE_SIGN_STYLE = Automatic;
				CURRENT_PROJECT_VERSION = 1;
				DEVELOPMENT_ASSET_PATHS = "\"CrospV4/Preview Content\"";
				DEVELOPMENT_TEAM = 3H6XX85AYY;
				ENABLE_PREVIEWS = YES;
				GENERATE_INFOPLIST_FILE = YES;
				INFOPLIST_FILE = CrospV4/Info.plist;
				INFOPLIST_KEY_CFBundleDisplayName = MacControl;
				INFOPLIST_KEY_UIApplicationSceneManifest_Generation = YES;
				INFOPLIST_KEY_UIApplicationSupportsIndirectInputEvents = YES;
				INFOPLIST_KEY_UILaunchScreen_Generation = YES;
				INFOPLIST_KEY_UISupportedInterfaceOrientations = UIInterfaceOrientationPortrait;
				IPHONEOS_DEPLOYMENT_TARGET = 15.6;
				LD_RUNPATH_SEARCH_PATHS = (
					"$(inherited)",
					"@executable_path/Frameworks",
				);
				MARKETING_VERSION = 1.0;
				PRODUCT_BUNDLE_IDENTIFIER = dev.koshy.CrospV4;
				PRODUCT_NAME = "$(TARGET_NAME)";
				SUPPORTED_PLATFORMS = "iphoneos iphonesimulator";
				SUPPORTS_MACCATALYST = NO;
				SUPPORTS_MAC_DESIGNED_FOR_IPHONE_IPAD = NO;
				SWIFT_EMIT_LOC_STRINGS = YES;
				SWIFT_VERSION = 5.0;
				TARGETED_DEVICE_FAMILY = 1;
			};
			name = Debug;
		};
		03FCC3832960D3680098E490 /* Release */ = {
			isa = XCBuildConfiguration;
			buildSettings = {
				ASSETCATALOG_COMPILER_APPICON_NAME = AppIcon;
				ASSETCATALOG_COMPILER_GLOBAL_ACCENT_COLOR_NAME = AccentColor;
				CODE_SIGN_STYLE = Automatic;
				CURRENT_PROJECT_VERSION = 1;
				DEVELOPMENT_ASSET_PATHS = "\"CrospV4/Preview Content\"";
				DEVELOPMENT_TEAM = 3H6XX85AYY;
				ENABLE_PREVIEWS = YES;
				GENERATE_INFOPLIST_FILE = YES;
				INFOPLIST_FILE = CrospV4/Info.plist;
				INFOPLIST_KEY_CFBundleDisplayName = MacControl;
				INFOPLIST_KEY_UIApplicationSceneManifest_Generation = YES;
				INFOPLIST_KEY_UIApplicationSupportsIndirectInputEvents = YES;
				INFOPLIST_KEY_UILaunchScreen_Generation = YES;
				INFOPLIST_KEY_UISupportedInterfaceOrientations = UIInterfaceOrientationPortrait;
				IPHONEOS_DEPLOYMENT_TARGET = 15.6;
				LD_RUNPATH_SEARCH_PATHS = (
					"$(inherited)",
					"@executable_path/Frameworks",
				);
				MARKETING_VERSION = 1.0;
				PRODUCT_BUNDLE_IDENTIFIER = dev.koshy.CrospV4;
				PRODUCT_NAME = "$(TARGET_NAME)";
				SUPPORTED_PLATFORMS = "iphoneos iphonesimulator";
				SUPPORTS_MACCATALYST = NO;
				SUPPORTS_MAC_DESIGNED_FOR_IPHONE_IPAD = NO;
				SWIFT_EMIT_LOC_STRINGS = YES;
				SWIFT_VERSION = 5.0;
				TARGETED_DEVICE_FAMILY = 1;
			};
			name = Release;
		};
		03FCC3852960D3680098E490 /* Debug */ = {
			isa = XCBuildConfiguration;
			buildSettings = {
				ALWAYS_EMBED_SWIFT_STANDARD_LIBRARIES = YES;
				BUNDLE_LOADER = "$(TEST_HOST)";
				CODE_SIGN_STYLE = Automatic;
				CURRENT_PROJECT_VERSION = 1;
				DEVELOPMENT_TEAM = 3H6XX85AYY;
				GENERATE_INFOPLIST_FILE = YES;
				IPHONEOS_DEPLOYMENT_TARGET = 16.2;
				MARKETING_VERSION = 1.0;
				PRODUCT_BUNDLE_IDENTIFIER = dev.koshy.CrospV4Tests;
				PRODUCT_NAME = "$(TARGET_NAME)";
				SWIFT_EMIT_LOC_STRINGS = NO;
				SWIFT_VERSION = 5.0;
				TARGETED_DEVICE_FAMILY = "1,2";
				TEST_HOST = "$(BUILT_PRODUCTS_DIR)/CrospV4.app/$(BUNDLE_EXECUTABLE_FOLDER_PATH)/CrospV4";
			};
			name = Debug;
		};
		03FCC3862960D3680098E490 /* Release */ = {
			isa = XCBuildConfiguration;
			buildSettings = {
				ALWAYS_EMBED_SWIFT_STANDARD_LIBRARIES = YES;
				BUNDLE_LOADER = "$(TEST_HOST)";
				CODE_SIGN_STYLE = Automatic;
				CURRENT_PROJECT_VERSION = 1;
				DEVELOPMENT_TEAM = 3H6XX85AYY;
				GENERATE_INFOPLIST_FILE = YES;
				IPHONEOS_DEPLOYMENT_TARGET = 16.2;
				MARKETING_VERSION = 1.0;
				PRODUCT_BUNDLE_IDENTIFIER = dev.koshy.CrospV4Tests;
				PRODUCT_NAME = "$(TARGET_NAME)";
				SWIFT_EMIT_LOC_STRINGS = NO;
				SWIFT_VERSION = 5.0;
				TARGETED_DEVICE_FAMILY = "1,2";
				TEST_HOST = "$(BUILT_PRODUCTS_DIR)/CrospV4.app/$(BUNDLE_EXECUTABLE_FOLDER_PATH)/CrospV4";
			};
			name = Release;
		};
		03FCC3882960D3680098E490 /* Debug */ = {
			isa = XCBuildConfiguration;
			buildSettings = {
				ALWAYS_EMBED_SWIFT_STANDARD_LIBRARIES = YES;
				CODE_SIGN_STYLE = Automatic;
				CURRENT_PROJECT_VERSION = 1;
				DEVELOPMENT_TEAM = 3H6XX85AYY;
				GENERATE_INFOPLIST_FILE = YES;
				MARKETING_VERSION = 1.0;
				PRODUCT_BUNDLE_IDENTIFIER = dev.koshy.CrospV4UITests;
				PRODUCT_NAME = "$(TARGET_NAME)";
				SWIFT_EMIT_LOC_STRINGS = NO;
				SWIFT_VERSION = 5.0;
				TARGETED_DEVICE_FAMILY = "1,2";
				TEST_TARGET_NAME = CrospV4;
			};
			name = Debug;
		};
		03FCC3892960D3680098E490 /* Release */ = {
			isa = XCBuildConfiguration;
			buildSettings = {
				ALWAYS_EMBED_SWIFT_STANDARD_LIBRARIES = YES;
				CODE_SIGN_STYLE = Automatic;
				CURRENT_PROJECT_VERSION = 1;
				DEVELOPMENT_TEAM = 3H6XX85AYY;
				GENERATE_INFOPLIST_FILE = YES;
				MARKETING_VERSION = 1.0;
				PRODUCT_BUNDLE_IDENTIFIER = dev.koshy.CrospV4UITests;
				PRODUCT_NAME = "$(TARGET_NAME)";
				SWIFT_EMIT_LOC_STRINGS = NO;
				SWIFT_VERSION = 5.0;
				TARGETED_DEVICE_FAMILY = "1,2";
				TEST_TARGET_NAME = CrospV4;
			};
			name = Release;
		};
/* End XCBuildConfiguration section */

/* Begin XCConfigurationList section */
		03FCC3582960D3660098E490 /* Build configuration list for PBXProject "CrospV4" */ = {
			isa = XCConfigurationList;
			buildConfigurations = (
				03FCC37F2960D3680098E490 /* Debug */,
				03FCC3802960D3680098E490 /* Release */,
			);
			defaultConfigurationIsVisible = 0;
			defaultConfigurationName = Release;
		};
		03FCC3812960D3680098E490 /* Build configuration list for PBXNativeTarget "CrospV4" */ = {
			isa = XCConfigurationList;
			buildConfigurations = (
				03FCC3822960D3680098E490 /* Debug */,
				03FCC3832960D3680098E490 /* Release */,
			);
			defaultConfigurationIsVisible = 0;
			defaultConfigurationName = Release;
		};
		03FCC3842960D3680098E490 /* Build configuration list for PBXNativeTarget "CrospV4Tests" */ = {
			isa = XCConfigurationList;
			buildConfigurations = (
				03FCC3852960D3680098E490 /* Debug */,
				03FCC3862960D3680098E490 /* Release */,
			);
			defaultConfigurationIsVisible = 0;
			defaultConfigurationName = Release;
		};
		03FCC3872960D3680098E490 /* Build configuration list for PBXNativeTarget "CrospV4UITests" */ = {
			isa = XCConfigurationList;
			buildConfigurations = (
				03FCC3882960D3680098E490 /* Debug */,
				03FCC3892960D3680098E490 /* Release */,
			);
			defaultConfigurationIsVisible = 0;
			defaultConfigurationName = Release;
		};
/* End XCConfigurationList section */

/* Begin XCRemoteSwiftPackageReference section */
		0347B4AD296B613D008DBE9D /* XCRemoteSwiftPackageReference "NWWebSocket" */ = {
			isa = XCRemoteSwiftPackageReference;
			repositoryURL = "https://github.com/pusher/NWWebSocket.git";
			requirement = {
				kind = upToNextMajorVersion;
				minimumVersion = 0.5.2;
			};
		};
		0347B4B0296B6614008DBE9D /* XCRemoteSwiftPackageReference "websocket-apple" */ = {
			isa = XCRemoteSwiftPackageReference;
			repositoryURL = "https://github.com/shareup/websocket-apple";
			requirement = {
				branch = main;
				kind = branch;
			};
		};
		034A8EB429665FEC006F09D7 /* XCRemoteSwiftPackageReference "SwiftOTP" */ = {
			isa = XCRemoteSwiftPackageReference;
			repositoryURL = "https://github.com/lachlanbell/SwiftOTP";
			requirement = {
				kind = upToNextMajorVersion;
				minimumVersion = 3.0.0;
			};
		};
		0388241A2968FC6F0012FB5E /* XCRemoteSwiftPackageReference "CoreStore" */ = {
			isa = XCRemoteSwiftPackageReference;
			repositoryURL = "https://github.com/JohnEstropia/CoreStore.git";
			requirement = {
				kind = upToNextMajorVersion;
				minimumVersion = 9.0.0;
			};
		};
/* End XCRemoteSwiftPackageReference section */

/* Begin XCSwiftPackageProductDependency section */
		0347B4B1296B6614008DBE9D /* WebSocket */ = {
			isa = XCSwiftPackageProductDependency;
			package = 0347B4B0296B6614008DBE9D /* XCRemoteSwiftPackageReference "websocket-apple" */;
			productName = WebSocket;
		};
		034A8EB529665FEC006F09D7 /* SwiftOTP */ = {
			isa = XCSwiftPackageProductDependency;
			package = 034A8EB429665FEC006F09D7 /* XCRemoteSwiftPackageReference "SwiftOTP" */;
			productName = SwiftOTP;
		};
		0388241B2968FC6F0012FB5E /* CoreStore */ = {
			isa = XCSwiftPackageProductDependency;
			package = 0388241A2968FC6F0012FB5E /* XCRemoteSwiftPackageReference "CoreStore" */;
			productName = CoreStore;
		};
/* End XCSwiftPackageProductDependency section */
	};
	rootObject = 03FCC3552960D3660098E490 /* Project object */;
}
